Microsoft Visual Studio Solution File, Format Version 11.00
# Visual Studio 2008

Project("{21AD0BD8-36B9-0D08-F4CF-640B4C298E7C}") = "bb", "Assembly-CSharp-firstpass.csproj", "{6D080C22-2E1E-6C27-6435-4B4D54FEB75E}"
EndProject
Project("{21AD0BD8-36B9-0D08-F4CF-640B4C298E7C}") = "bb", "Assembly-CSharp.csproj", "{0D0C11D9-621F-89B2-3E12-E95B3F928D82}"
EndProject
Project("{21AD0BD8-36B9-0D08-F4CF-640B4C298E7C}") = "bb", "Assembly-CSharp-Editor.csproj", "{46662B5E-BF2D-8EC6-33D8-E92D24DE4E52}"
EndProject
Project("{21AD0BD8-36B9-0D08-F4CF-640B4C298E7C}") = "bb", "Assembly-UnityScript-firstpass.unityproj", "{C551B791-2A72-3026-6295-0A4F42BF44D6}"
EndProject
Global
	GlobalSection(SolutionConfigurationPlatforms) = preSolution
		Debug|Any CPU = Debug|Any CPU
		Release|Any CPU = Release|Any CPU
	EndGlobalSection
	GlobalSection(ProjectConfigurationPlatforms) = postSolution
		{6D080C22-2E1E-6C27-6435-4B4D54FEB75E}.Debug|Any CPU.ActiveCfg = Debug|Any CPU
		{6D080C22-2E1E-6C27-6435-4B4D54FEB75E}.Debug|Any CPU.Build.0 = Debug|Any CPU
		{6D080C22-2E1E-6C27-6435-4B4D54FEB75E}.Release|Any CPU.ActiveCfg = Release|Any CPU
		{6D080C22-2E1E-6C27-6435-4B4D54FEB75E}.Release|Any CPU.Build.0 = Release|Any CPU
		{0D0C11D9-621F-89B2-3E12-E95B3F928D82}.Debug|Any CPU.ActiveCfg = Debug|Any CPU
		{0D0C11D9-621F-89B2-3E12-E95B3F928D82}.Debug|Any CPU.Build.0 = Debug|Any CPU
		{0D0C11D9-621F-89B2-3E12-E95B3F928D82}.Release|Any CPU.ActiveCfg = Release|Any CPU
		{0D0C11D9-621F-89B2-3E12-E95B3F928D82}.Release|Any CPU.Build.0 = Release|Any CPU
		{46662B5E-BF2D-8EC6-33D8-E92D24DE4E52}.Debug|Any CPU.ActiveCfg = Debug|Any CPU
		{46662B5E-BF2D-8EC6-33D8-E92D24DE4E52}.Debug|Any CPU.Build.0 = Debug|Any CPU
		{46662B5E-BF2D-8EC6-33D8-E92D24DE4E52}.Release|Any CPU.ActiveCfg = Release|Any CPU
		{46662B5E-BF2D-8EC6-33D8-E92D24DE4E52}.Release|Any CPU.Build.0 = Release|Any CPU
		{C551B791-2A72-3026-6295-0A4F42BF44D6}.Debug|Any CPU.ActiveCfg = Debug|Any CPU
		{C551B791-2A72-3026-6295-0A4F42BF44D6}.Debug|Any CPU.Build.0 = Debug|Any CPU
		{C551B791-2A72-3026-6295-0A4F42BF44D6}.Release|Any CPU.ActiveCfg = Release|Any CPU
		{C551B791-2A72-3026-6295-0A4F42BF44D6}.Release|Any CPU.Build.0 = Release|Any CPU
	EndGlobalSection
	GlobalSection(SolutionProperties) = preSolution
		HideSolutionNode = FALSE
	EndGlobalSection
																																																													GlobalSection(MonoDevelopProperties) = preSolution
		StartupItem = Assembly-CSharp.csproj
		Policies = $0
		$0.TextStylePolicy = $3
		$1.inheritsSet = null
		$1.scope = text/x-csharp
		$0.CSharpFormattingPolicy = $2
		$2.inheritsSet = Mono
		$2.inheritsScope = text/x-csharp
		$2.scope = text/x-csharp
		$3.FileWidth = 120
		$3.TabWidth = 4
		$3.EolMarker = Unix
		$3.inheritsSet = Mono
		$3.inheritsScope = text/plain
		$3.scope = text/plain
	EndGlobalSection

EndGlobal
